
Microsoft Visual Studio Solution File, Format Version 12.00
# Visual Studio 15
VisualStudioVersion = 15.0.27428.2002
MinimumVisualStudioVersion = 10.0.40219.1
Project("{8BC9CEB8-8B4A-11D0-8D11-00A0C91BC942}") = "nfe_alarm_v1.0", "nfe_alarm_v1.0.vcxproj", "{CB330F1F-285F-4867-80B1-B9FA09F905D3}"
EndProject
Global
	GlobalSection(SolutionConfigurationPlatforms) = preSolution
		Debug|ARM = Debug|ARM
		Debug|x64 = Debug|x64
		Debug|x86 = Debug|x86
		Release|ARM = Release|ARM
		Release|x64 = Release|x64
		Release|x86 = Release|x86
	EndGlobalSection
	GlobalSection(ProjectConfigurationPlatforms) = postSolution
		{CB330F1F-285F-4867-80B1-B9FA09F905D3}.Debug|ARM.ActiveCfg = Debug|ARM
		{CB330F1F-285F-4867-80B1-B9FA09F905D3}.Debug|ARM.Build.0 = Debug|ARM
		{CB330F1F-285F-4867-80B1-B9FA09F905D3}.Debug|x64.ActiveCfg = Debug|x64
		{CB330F1F-285F-4867-80B1-B9FA09F905D3}.Debug|x64.Build.0 = Debug|x64
		{CB330F1F-285F-4867-80B1-B9FA09F905D3}.Debug|x86.ActiveCfg = Debug|x86
		{CB330F1F-285F-4867-80B1-B9FA09F905D3}.Debug|x86.Build.0 = Debug|x86
		{CB330F1F-285F-4867-80B1-B9FA09F905D3}.Release|ARM.ActiveCfg = Release|ARM
		{CB330F1F-285F-4867-80B1-B9FA09F905D3}.Release|ARM.Build.0 = Release|ARM
		{CB330F1F-285F-4867-80B1-B9FA09F905D3}.Release|x64.ActiveCfg = Release|x64
		{CB330F1F-285F-4867-80B1-B9FA09F905D3}.Release|x64.Build.0 = Release|x64
		{CB330F1F-285F-4867-80B1-B9FA09F905D3}.Release|x86.ActiveCfg = Release|x86
		{CB330F1F-285F-4867-80B1-B9FA09F905D3}.Release|x86.Build.0 = Release|x86
	EndGlobalSection
	GlobalSection(SolutionProperties) = preSolution
		HideSolutionNode = FALSE
	EndGlobalSection
	GlobalSection(ExtensibilityGlobals) = postSolution
		SolutionGuid = {19ABC464-6867-44E1-A1F6-326D3248DCD5}
	EndGlobalSection
EndGlobal
